
Microsoft Visual Studio Solution File, Format Version 12.00
# Visual Studio Version 17
VisualStudioVersion = 17.5.33424.131
MinimumVisualStudioVersion = 10.0.40219.1
Project("{FAE04EC0-301F-11D3-BF4B-00C04F79EFBC}") = "BulkMessageProcessorModule", "BulkMessageProcessorModule\BulkMessageProcessorModule.csproj", "{5914C3F4-093B-4C0B-B4FE-0FB18EED1068}"
EndProject
Project("{FAE04EC0-301F-11D3-BF4B-00C04F79EFBC}") = "BulkMessageProcessorModule.Providers", "BulkMessageProcessorModule.Providers\BulkMessageProcessorModule.Providers.csproj", "{D62E21C8-4583-4A65-8388-D0CF9AD65BBE}"
EndProject
Project("{FAE04EC0-301F-11D3-BF4B-00C04F79EFBC}") = "BulkMessageProcessorModule.DataAccess", "BulkMessageProcessorModule.DataAccess\BulkMessageProcessorModule.DataAccess.csproj", "{9830E98B-029F-4DC6-A415-0D377275A5CC}"
EndProject
Global
	GlobalSection(SolutionConfigurationPlatforms) = preSolution
		Debug|Any CPU = Debug|Any CPU
		Release|Any CPU = Release|Any CPU
	EndGlobalSection
	GlobalSection(ProjectConfigurationPlatforms) = postSolution
		{5914C3F4-093B-4C0B-B4FE-0FB18EED1068}.Debug|Any CPU.ActiveCfg = Debug|Any CPU
		{5914C3F4-093B-4C0B-B4FE-0FB18EED1068}.Debug|Any CPU.Build.0 = Debug|Any CPU
		{5914C3F4-093B-4C0B-B4FE-0FB18EED1068}.Release|Any CPU.ActiveCfg = Release|Any CPU
		{5914C3F4-093B-4C0B-B4FE-0FB18EED1068}.Release|Any CPU.Build.0 = Release|Any CPU
		{D62E21C8-4583-4A65-8388-D0CF9AD65BBE}.Debug|Any CPU.ActiveCfg = Debug|Any CPU
		{D62E21C8-4583-4A65-8388-D0CF9AD65BBE}.Debug|Any CPU.Build.0 = Debug|Any CPU
		{D62E21C8-4583-4A65-8388-D0CF9AD65BBE}.Release|Any CPU.ActiveCfg = Release|Any CPU
		{D62E21C8-4583-4A65-8388-D0CF9AD65BBE}.Release|Any CPU.Build.0 = Release|Any CPU
		{9830E98B-029F-4DC6-A415-0D377275A5CC}.Debug|Any CPU.ActiveCfg = Debug|Any CPU
		{9830E98B-029F-4DC6-A415-0D377275A5CC}.Debug|Any CPU.Build.0 = Debug|Any CPU
		{9830E98B-029F-4DC6-A415-0D377275A5CC}.Release|Any CPU.ActiveCfg = Release|Any CPU
		{9830E98B-029F-4DC6-A415-0D377275A5CC}.Release|Any CPU.Build.0 = Release|Any CPU
	EndGlobalSection
	GlobalSection(SolutionProperties) = preSolution
		HideSolutionNode = FALSE
	EndGlobalSection
	GlobalSection(ExtensibilityGlobals) = postSolution
		SolutionGuid = {46D2161D-84AC-482E-85A0-1394E08A4102}
	EndGlobalSection
EndGlobal
