
Microsoft Visual Studio Solution File, Format Version 12.00
# Visual Studio Version 17
VisualStudioVersion = 17.5.33424.131
MinimumVisualStudioVersion = 10.0.40219.1
Project("{FAE04EC0-301F-11D3-BF4B-00C04F79EFBC}") = "B2GnowTakeHomeExercise", "B2GnowTakeHomeExercise\B2GnowTakeHomeExercise.csproj", "{92B4EF0E-E8A6-4152-BF46-DD3EF47E285F}"
EndProject
Project("{FAE04EC0-301F-11D3-BF4B-00C04F79EFBC}") = "B2GnowTakehomeExercise.DataAccess", "B2GnowTakehomeExercise.DataAccess\B2GnowTakehomeExercise.DataAccess.csproj", "{09D5B162-7D38-456D-ABB1-85580E024E69}"
EndProject
Global
	GlobalSection(SolutionConfigurationPlatforms) = preSolution
		Debug|Any CPU = Debug|Any CPU
		Release|Any CPU = Release|Any CPU
	EndGlobalSection
	GlobalSection(ProjectConfigurationPlatforms) = postSolution
		{92B4EF0E-E8A6-4152-BF46-DD3EF47E285F}.Debug|Any CPU.ActiveCfg = Debug|Any CPU
		{92B4EF0E-E8A6-4152-BF46-DD3EF47E285F}.Debug|Any CPU.Build.0 = Debug|Any CPU
		{92B4EF0E-E8A6-4152-BF46-DD3EF47E285F}.Release|Any CPU.ActiveCfg = Release|Any CPU
		{92B4EF0E-E8A6-4152-BF46-DD3EF47E285F}.Release|Any CPU.Build.0 = Release|Any CPU
		{09D5B162-7D38-456D-ABB1-85580E024E69}.Debug|Any CPU.ActiveCfg = Debug|Any CPU
		{09D5B162-7D38-456D-ABB1-85580E024E69}.Debug|Any CPU.Build.0 = Debug|Any CPU
		{09D5B162-7D38-456D-ABB1-85580E024E69}.Release|Any CPU.ActiveCfg = Release|Any CPU
		{09D5B162-7D38-456D-ABB1-85580E024E69}.Release|Any CPU.Build.0 = Release|Any CPU
	EndGlobalSection
	GlobalSection(SolutionProperties) = preSolution
		HideSolutionNode = FALSE
	EndGlobalSection
	GlobalSection(ExtensibilityGlobals) = postSolution
		SolutionGuid = {27C04BB0-9ACF-4421-9358-23CEF5E328E8}
	EndGlobalSection
EndGlobal
