
Microsoft Visual Studio Solution File, Format Version 12.00
# Visual Studio Version 17
VisualStudioVersion = 17.2.32630.192
MinimumVisualStudioVersion = 10.0.40219.1
Project("{FAE04EC0-301F-11D3-BF4B-00C04F79EFBC}") = "ContosoUniversity", "ContosoUniversity.csproj", "{DB72B6EF-CC8E-49BC-80BA-309B6A43B56F}"
EndProject
Global
	GlobalSection(SolutionConfigurationPlatforms) = preSolution
		Debug|Any CPU = Debug|Any CPU
		Release|Any CPU = Release|Any CPU
	EndGlobalSection
	GlobalSection(ProjectConfigurationPlatforms) = postSolution
		{DB72B6EF-CC8E-49BC-80BA-309B6A43B56F}.Debug|Any CPU.ActiveCfg = Debug|Any CPU
		{DB72B6EF-CC8E-49BC-80BA-309B6A43B56F}.Debug|Any CPU.Build.0 = Debug|Any CPU
		{DB72B6EF-CC8E-49BC-80BA-309B6A43B56F}.Release|Any CPU.ActiveCfg = Release|Any CPU
		{DB72B6EF-CC8E-49BC-80BA-309B6A43B56F}.Release|Any CPU.Build.0 = Release|Any CPU
	EndGlobalSection
	GlobalSection(SolutionProperties) = preSolution
		HideSolutionNode = FALSE
	EndGlobalSection
	GlobalSection(ExtensibilityGlobals) = postSolution
		SolutionGuid = {E970636B-144C-45BF-B7C1-2295B14F0BE8}
	EndGlobalSection
EndGlobal
