
Microsoft Visual Studio Solution File, Format Version 12.00
# Visual Studio Version 16
VisualStudioVersion = 16.0.31729.503
MinimumVisualStudioVersion = 10.0.40219.1
Project("{FAE04EC0-301F-11D3-BF4B-00C04F79EFBC}") = "AsyncForEach", "AsyncForEach\AsyncForEach.csproj", "{DD35D18A-5E5D-472C-B412-029946AB0884}"
EndProject
Global
	GlobalSection(SolutionConfigurationPlatforms) = preSolution
		Debug|Any CPU = Debug|Any CPU
		Release|Any CPU = Release|Any CPU
	EndGlobalSection
	GlobalSection(ProjectConfigurationPlatforms) = postSolution
		{DD35D18A-5E5D-472C-B412-029946AB0884}.Debug|Any CPU.ActiveCfg = Debug|Any CPU
		{DD35D18A-5E5D-472C-B412-029946AB0884}.Debug|Any CPU.Build.0 = Debug|Any CPU
		{DD35D18A-5E5D-472C-B412-029946AB0884}.Release|Any CPU.ActiveCfg = Release|Any CPU
		{DD35D18A-5E5D-472C-B412-029946AB0884}.Release|Any CPU.Build.0 = Release|Any CPU
	EndGlobalSection
	GlobalSection(SolutionProperties) = preSolution
		HideSolutionNode = FALSE
	EndGlobalSection
	GlobalSection(ExtensibilityGlobals) = postSolution
		SolutionGuid = {AF3F973D-0B10-46B2-9B72-7606549A9EE8}
	EndGlobalSection
EndGlobal
