
Microsoft Visual Studio Solution File, Format Version 12.00
# Visual Studio Version 16
VisualStudioVersion = 16.0.31729.503
MinimumVisualStudioVersion = 10.0.40219.1
Project("{FAE04EC0-301F-11D3-BF4B-00C04F79EFBC}") = "com.royware.dotnet.AsyncTester", "com.royware.dotnet.AsyncTester.csproj", "{0335EC69-A6DF-4ECF-A2D0-D538DB785FDB}"
EndProject
Project("{FAE04EC0-301F-11D3-BF4B-00C04F79EFBC}") = "com.royware.dotnet.AsyncTesterUnitTests", "..\com.royware.dotnet.AsyncTesterUnitTests\com.royware.dotnet.AsyncTesterUnitTests.csproj", "{283E82EC-0E34-4DA8-826A-B3A19D7D5044}"
EndProject
Global
	GlobalSection(SolutionConfigurationPlatforms) = preSolution
		Debug|Any CPU = Debug|Any CPU
		Release|Any CPU = Release|Any CPU
	EndGlobalSection
	GlobalSection(ProjectConfigurationPlatforms) = postSolution
		{0335EC69-A6DF-4ECF-A2D0-D538DB785FDB}.Debug|Any CPU.ActiveCfg = Debug|Any CPU
		{0335EC69-A6DF-4ECF-A2D0-D538DB785FDB}.Debug|Any CPU.Build.0 = Debug|Any CPU
		{0335EC69-A6DF-4ECF-A2D0-D538DB785FDB}.Release|Any CPU.ActiveCfg = Release|Any CPU
		{0335EC69-A6DF-4ECF-A2D0-D538DB785FDB}.Release|Any CPU.Build.0 = Release|Any CPU
		{283E82EC-0E34-4DA8-826A-B3A19D7D5044}.Debug|Any CPU.ActiveCfg = Debug|Any CPU
		{283E82EC-0E34-4DA8-826A-B3A19D7D5044}.Debug|Any CPU.Build.0 = Debug|Any CPU
		{283E82EC-0E34-4DA8-826A-B3A19D7D5044}.Release|Any CPU.ActiveCfg = Release|Any CPU
		{283E82EC-0E34-4DA8-826A-B3A19D7D5044}.Release|Any CPU.Build.0 = Release|Any CPU
	EndGlobalSection
	GlobalSection(SolutionProperties) = preSolution
		HideSolutionNode = FALSE
	EndGlobalSection
	GlobalSection(ExtensibilityGlobals) = postSolution
		SolutionGuid = {0E8D47DC-8991-4413-9FEE-B5CCB426E1D2}
	EndGlobalSection
EndGlobal
