
Microsoft Visual Studio Solution File, Format Version 12.00
# Visual Studio Version 17
VisualStudioVersion = 17.8.34408.163
MinimumVisualStudioVersion = 10.0.40219.1
Project("{FAE04EC0-301F-11D3-BF4B-00C04F79EFBC}") = "DapperDemo", "DapperDemo\DapperDemo.csproj", "{19E4F0B3-784B-45F9-9473-21A024B61CDD}"
EndProject
Project("{FAE04EC0-301F-11D3-BF4B-00C04F79EFBC}") = "DapperDemoAPI", "DapperDemoAPI\DapperDemoAPI.csproj", "{CB56701E-8000-44C6-A864-518AEC709466}"
EndProject
Global
	GlobalSection(SolutionConfigurationPlatforms) = preSolution
		Debug|Any CPU = Debug|Any CPU
		Release|Any CPU = Release|Any CPU
	EndGlobalSection
	GlobalSection(ProjectConfigurationPlatforms) = postSolution
		{19E4F0B3-784B-45F9-9473-21A024B61CDD}.Debug|Any CPU.ActiveCfg = Debug|Any CPU
		{19E4F0B3-784B-45F9-9473-21A024B61CDD}.Debug|Any CPU.Build.0 = Debug|Any CPU
		{19E4F0B3-784B-45F9-9473-21A024B61CDD}.Release|Any CPU.ActiveCfg = Release|Any CPU
		{19E4F0B3-784B-45F9-9473-21A024B61CDD}.Release|Any CPU.Build.0 = Release|Any CPU
		{CB56701E-8000-44C6-A864-518AEC709466}.Debug|Any CPU.ActiveCfg = Debug|Any CPU
		{CB56701E-8000-44C6-A864-518AEC709466}.Debug|Any CPU.Build.0 = Debug|Any CPU
		{CB56701E-8000-44C6-A864-518AEC709466}.Release|Any CPU.ActiveCfg = Release|Any CPU
		{CB56701E-8000-44C6-A864-518AEC709466}.Release|Any CPU.Build.0 = Release|Any CPU
	EndGlobalSection
	GlobalSection(SolutionProperties) = preSolution
		HideSolutionNode = FALSE
	EndGlobalSection
	GlobalSection(ExtensibilityGlobals) = postSolution
		SolutionGuid = {EACAD49F-70E1-4879-9767-5AE8C9F6D876}
	EndGlobalSection
EndGlobal
