
Microsoft Visual Studio Solution File, Format Version 12.00
# Visual Studio Version 17
VisualStudioVersion = 17.2.32630.192
MinimumVisualStudioVersion = 10.0.40219.1
Project("{FAE04EC0-301F-11D3-BF4B-00C04F79EFBC}") = "WebApiWithJSONAndXML", "WebApiWithJSONAndXML\WebApiWithJSONAndXML.csproj", "{7B43AF6A-0362-4B35-A74E-067918977E05}"
EndProject
Project("{FAE04EC0-301F-11D3-BF4B-00C04F79EFBC}") = "WebApiWithJSONAndXML.Logic", "WebApiWithJSONAndXML.Logic\WebApiWithJSONAndXML.Logic.csproj", "{9297EC5C-D4E0-4BBD-B079-C652EDA5F5EB}"
EndProject
Project("{FAE04EC0-301F-11D3-BF4B-00C04F79EFBC}") = "WebApiWithJSONAndXML.Models", "WebApiWithJSONAndXML.Models\WebApiWithJSONAndXML.Models.csproj", "{A0B5051D-7A05-419B-B73D-AA6D151309DC}"
EndProject
Global
	GlobalSection(SolutionConfigurationPlatforms) = preSolution
		Debug|Any CPU = Debug|Any CPU
		Release|Any CPU = Release|Any CPU
	EndGlobalSection
	GlobalSection(ProjectConfigurationPlatforms) = postSolution
		{7B43AF6A-0362-4B35-A74E-067918977E05}.Debug|Any CPU.ActiveCfg = Debug|Any CPU
		{7B43AF6A-0362-4B35-A74E-067918977E05}.Debug|Any CPU.Build.0 = Debug|Any CPU
		{7B43AF6A-0362-4B35-A74E-067918977E05}.Release|Any CPU.ActiveCfg = Release|Any CPU
		{7B43AF6A-0362-4B35-A74E-067918977E05}.Release|Any CPU.Build.0 = Release|Any CPU
		{9297EC5C-D4E0-4BBD-B079-C652EDA5F5EB}.Debug|Any CPU.ActiveCfg = Debug|Any CPU
		{9297EC5C-D4E0-4BBD-B079-C652EDA5F5EB}.Debug|Any CPU.Build.0 = Debug|Any CPU
		{9297EC5C-D4E0-4BBD-B079-C652EDA5F5EB}.Release|Any CPU.ActiveCfg = Release|Any CPU
		{9297EC5C-D4E0-4BBD-B079-C652EDA5F5EB}.Release|Any CPU.Build.0 = Release|Any CPU
		{A0B5051D-7A05-419B-B73D-AA6D151309DC}.Debug|Any CPU.ActiveCfg = Debug|Any CPU
		{A0B5051D-7A05-419B-B73D-AA6D151309DC}.Debug|Any CPU.Build.0 = Debug|Any CPU
		{A0B5051D-7A05-419B-B73D-AA6D151309DC}.Release|Any CPU.ActiveCfg = Release|Any CPU
		{A0B5051D-7A05-419B-B73D-AA6D151309DC}.Release|Any CPU.Build.0 = Release|Any CPU
	EndGlobalSection
	GlobalSection(SolutionProperties) = preSolution
		HideSolutionNode = FALSE
	EndGlobalSection
	GlobalSection(ExtensibilityGlobals) = postSolution
		SolutionGuid = {0F556B3E-4148-44FA-A061-585CF7FCB56B}
	EndGlobalSection
EndGlobal
